
Microsoft Visual Studio Solution File, Format Version 12.00
# Visual Studio Version 16
VisualStudioVersion = 16.0.30907.101
MinimumVisualStudioVersion = 10.0.40219.1
Project("{9A19103F-16F7-4668-BE54-9A1E7A4F7556}") = "Basket.API", "Basket.API\Basket.API.csproj", "{2CDE6BEB-FF7B-47B1-BC80-92BDE42EC139}"
EndProject
Project("{9A19103F-16F7-4668-BE54-9A1E7A4F7556}") = "Data.Models", "Data.Models\Data.Models.csproj", "{0F8BD370-8901-4F8E-81C9-8F3111B776D4}"
EndProject
Project("{9A19103F-16F7-4668-BE54-9A1E7A4F7556}") = "Data.Models.Mapping", "Data.Models.Mapping\Data.Models.Mapping.csproj", "{0541DA5E-52CE-4169-BF6C-64D6ECC9BD99}"
EndProject
Project("{9A19103F-16F7-4668-BE54-9A1E7A4F7556}") = "Helpers", "Helpers\Helpers.csproj", "{1166707C-0646-47E8-88DB-ADB24836BFF3}"
EndProject
Project("{9A19103F-16F7-4668-BE54-9A1E7A4F7556}") = "Services", "Services\Services.csproj", "{1DF73863-687E-46D9-AE1A-C06F174A3CD3}"
EndProject
Project("{9A19103F-16F7-4668-BE54-9A1E7A4F7556}") = "Basket.API.Tests", "Basket.API.Tests\Basket.API.Tests.csproj", "{B254011A-CCF2-433E-82C2-A9DC6827C8D0}"
EndProject
Project("{E53339B2-1760-4266-BCC7-CA923CBCF16C}") = "docker-compose", "docker-compose.dcproj", "{82A02442-4D50-4426-B7A6-0E6EE94B5C88}"
EndProject
Global
	GlobalSection(SolutionConfigurationPlatforms) = preSolution
		Debug|Any CPU = Debug|Any CPU
		Release|Any CPU = Release|Any CPU
	EndGlobalSection
	GlobalSection(ProjectConfigurationPlatforms) = postSolution
		{2CDE6BEB-FF7B-47B1-BC80-92BDE42EC139}.Debug|Any CPU.ActiveCfg = Debug|Any CPU
		{2CDE6BEB-FF7B-47B1-BC80-92BDE42EC139}.Debug|Any CPU.Build.0 = Debug|Any CPU
		{2CDE6BEB-FF7B-47B1-BC80-92BDE42EC139}.Release|Any CPU.ActiveCfg = Release|Any CPU
		{2CDE6BEB-FF7B-47B1-BC80-92BDE42EC139}.Release|Any CPU.Build.0 = Release|Any CPU
		{0F8BD370-8901-4F8E-81C9-8F3111B776D4}.Debug|Any CPU.ActiveCfg = Debug|Any CPU
		{0F8BD370-8901-4F8E-81C9-8F3111B776D4}.Debug|Any CPU.Build.0 = Debug|Any CPU
		{0F8BD370-8901-4F8E-81C9-8F3111B776D4}.Release|Any CPU.ActiveCfg = Release|Any CPU
		{0F8BD370-8901-4F8E-81C9-8F3111B776D4}.Release|Any CPU.Build.0 = Release|Any CPU
		{0541DA5E-52CE-4169-BF6C-64D6ECC9BD99}.Debug|Any CPU.ActiveCfg = Debug|Any CPU
		{0541DA5E-52CE-4169-BF6C-64D6ECC9BD99}.Debug|Any CPU.Build.0 = Debug|Any CPU
		{0541DA5E-52CE-4169-BF6C-64D6ECC9BD99}.Release|Any CPU.ActiveCfg = Release|Any CPU
		{0541DA5E-52CE-4169-BF6C-64D6ECC9BD99}.Release|Any CPU.Build.0 = Release|Any CPU
		{1166707C-0646-47E8-88DB-ADB24836BFF3}.Debug|Any CPU.ActiveCfg = Debug|Any CPU
		{1166707C-0646-47E8-88DB-ADB24836BFF3}.Debug|Any CPU.Build.0 = Debug|Any CPU
		{1166707C-0646-47E8-88DB-ADB24836BFF3}.Release|Any CPU.ActiveCfg = Release|Any CPU
		{1166707C-0646-47E8-88DB-ADB24836BFF3}.Release|Any CPU.Build.0 = Release|Any CPU
		{1DF73863-687E-46D9-AE1A-C06F174A3CD3}.Debug|Any CPU.ActiveCfg = Debug|Any CPU
		{1DF73863-687E-46D9-AE1A-C06F174A3CD3}.Debug|Any CPU.Build.0 = Debug|Any CPU
		{1DF73863-687E-46D9-AE1A-C06F174A3CD3}.Release|Any CPU.ActiveCfg = Release|Any CPU
		{1DF73863-687E-46D9-AE1A-C06F174A3CD3}.Release|Any CPU.Build.0 = Release|Any CPU
		{B254011A-CCF2-433E-82C2-A9DC6827C8D0}.Debug|Any CPU.ActiveCfg = Debug|Any CPU
		{B254011A-CCF2-433E-82C2-A9DC6827C8D0}.Debug|Any CPU.Build.0 = Debug|Any CPU
		{B254011A-CCF2-433E-82C2-A9DC6827C8D0}.Release|Any CPU.ActiveCfg = Release|Any CPU
		{B254011A-CCF2-433E-82C2-A9DC6827C8D0}.Release|Any CPU.Build.0 = Release|Any CPU
		{82A02442-4D50-4426-B7A6-0E6EE94B5C88}.Debug|Any CPU.ActiveCfg = Debug|Any CPU
		{82A02442-4D50-4426-B7A6-0E6EE94B5C88}.Debug|Any CPU.Build.0 = Debug|Any CPU
		{82A02442-4D50-4426-B7A6-0E6EE94B5C88}.Release|Any CPU.ActiveCfg = Release|Any CPU
		{82A02442-4D50-4426-B7A6-0E6EE94B5C88}.Release|Any CPU.Build.0 = Release|Any CPU
	EndGlobalSection
	GlobalSection(SolutionProperties) = preSolution
		HideSolutionNode = FALSE
	EndGlobalSection
	GlobalSection(ExtensibilityGlobals) = postSolution
		SolutionGuid = {6912285A-1726-40D6-AFC6-B206DB731069}
	EndGlobalSection
EndGlobal
